
Microsoft Visual Studio Solution File, Format Version 12.00
# Visual Studio Version 17
VisualStudioVersion = 17.0.31903.59
MinimumVisualStudioVersion = 10.0.40219.1
Project("{FAE04EC0-301F-11D3-BF4B-00C04F79EFBC}") = "V_Cau1", "V_Cau1\V_Cau1.csproj", "{F7E1FBEF-EC4F-4249-A31A-14EAF0A41C87}"
EndProject
Project("{FAE04EC0-301F-11D3-BF4B-00C04F79EFBC}") = "V_Cau2", "V_Cau2\V_Cau2.csproj", "{7B65965E-6C1E-44BD-B737-80B167A46CBC}"
EndProject
Global
	GlobalSection(SolutionConfigurationPlatforms) = preSolution
		Debug|Any CPU = Debug|Any CPU
		Release|Any CPU = Release|Any CPU
	EndGlobalSection
	GlobalSection(SolutionProperties) = preSolution
		HideSolutionNode = FALSE
	EndGlobalSection
	GlobalSection(ProjectConfigurationPlatforms) = postSolution
		{F7E1FBEF-EC4F-4249-A31A-14EAF0A41C87}.Debug|Any CPU.ActiveCfg = Debug|Any CPU
		{F7E1FBEF-EC4F-4249-A31A-14EAF0A41C87}.Debug|Any CPU.Build.0 = Debug|Any CPU
		{F7E1FBEF-EC4F-4249-A31A-14EAF0A41C87}.Release|Any CPU.ActiveCfg = Release|Any CPU
		{F7E1FBEF-EC4F-4249-A31A-14EAF0A41C87}.Release|Any CPU.Build.0 = Release|Any CPU
		{7B65965E-6C1E-44BD-B737-80B167A46CBC}.Debug|Any CPU.ActiveCfg = Debug|Any CPU
		{7B65965E-6C1E-44BD-B737-80B167A46CBC}.Debug|Any CPU.Build.0 = Debug|Any CPU
		{7B65965E-6C1E-44BD-B737-80B167A46CBC}.Release|Any CPU.ActiveCfg = Release|Any CPU
		{7B65965E-6C1E-44BD-B737-80B167A46CBC}.Release|Any CPU.Build.0 = Release|Any CPU
	EndGlobalSection
EndGlobal
